
Microsoft Visual Studio Solution File, Format Version 12.00
Project("{FAE04EC0-301F-11D3-BF4B-00C04F79EFBC}") = "TestUDPServer", "TestUDPServer\TestUDPServer.csproj", "{98CA0A75-96B5-4750-9FC8-F212BCE2DFBE}"
EndProject
Project("{FAE04EC0-301F-11D3-BF4B-00C04F79EFBC}") = "TestUDPEntities", "TestUDPEntities\TestUDPEntities.csproj", "{88805DE9-D147-4AB0-A14B-7324442CF09A}"
EndProject
Project("{FAE04EC0-301F-11D3-BF4B-00C04F79EFBC}") = "TestUDPUtils", "TestUDPUtils\TestUDPUtils.csproj", "{15023393-998E-46C3-8399-C1175C427DFB}"
EndProject
Project("{FAE04EC0-301F-11D3-BF4B-00C04F79EFBC}") = "XsBattleCommon", "XsBattleCommon\XsBattleCommon.csproj", "{AB511FF5-A620-44BE-9509-9E0D98AB00B0}"
EndProject
Project("{FAE04EC0-301F-11D3-BF4B-00C04F79EFBC}") = "XsBattleServer", "XsBattleServer\XsBattleServer.csproj", "{0EF7C6D4-34A5-4E0E-AC41-37C7B5882B70}"
EndProject
Global
	GlobalSection(SolutionConfigurationPlatforms) = preSolution
		Debug|Any CPU = Debug|Any CPU
		Release|Any CPU = Release|Any CPU
	EndGlobalSection
	GlobalSection(ProjectConfigurationPlatforms) = postSolution
		{98CA0A75-96B5-4750-9FC8-F212BCE2DFBE}.Debug|Any CPU.ActiveCfg = Debug|Any CPU
		{98CA0A75-96B5-4750-9FC8-F212BCE2DFBE}.Release|Any CPU.ActiveCfg = Release|Any CPU
		{98CA0A75-96B5-4750-9FC8-F212BCE2DFBE}.Release|Any CPU.Build.0 = Release|Any CPU
		{98CA0A75-96B5-4750-9FC8-F212BCE2DFBE}.Debug|Any CPU.Build.0 = Debug|Any CPU
		{88805DE9-D147-4AB0-A14B-7324442CF09A}.Debug|Any CPU.ActiveCfg = Debug|Any CPU
		{88805DE9-D147-4AB0-A14B-7324442CF09A}.Release|Any CPU.ActiveCfg = Release|Any CPU
		{88805DE9-D147-4AB0-A14B-7324442CF09A}.Release|Any CPU.Build.0 = Release|Any CPU
		{88805DE9-D147-4AB0-A14B-7324442CF09A}.Debug|Any CPU.Build.0 = Debug|Any CPU
		{15023393-998E-46C3-8399-C1175C427DFB}.Debug|Any CPU.ActiveCfg = Debug|Any CPU
		{15023393-998E-46C3-8399-C1175C427DFB}.Release|Any CPU.ActiveCfg = Release|Any CPU
		{15023393-998E-46C3-8399-C1175C427DFB}.Release|Any CPU.Build.0 = Release|Any CPU
		{15023393-998E-46C3-8399-C1175C427DFB}.Debug|Any CPU.Build.0 = Debug|Any CPU
		{AB511FF5-A620-44BE-9509-9E0D98AB00B0}.Debug|Any CPU.ActiveCfg = Debug|Any CPU
		{AB511FF5-A620-44BE-9509-9E0D98AB00B0}.Debug|Any CPU.Build.0 = Debug|Any CPU
		{AB511FF5-A620-44BE-9509-9E0D98AB00B0}.Release|Any CPU.ActiveCfg = Release|Any CPU
		{AB511FF5-A620-44BE-9509-9E0D98AB00B0}.Release|Any CPU.Build.0 = Release|Any CPU
		{0EF7C6D4-34A5-4E0E-AC41-37C7B5882B70}.Debug|Any CPU.ActiveCfg = Debug|Any CPU
		{0EF7C6D4-34A5-4E0E-AC41-37C7B5882B70}.Debug|Any CPU.Build.0 = Debug|Any CPU
		{0EF7C6D4-34A5-4E0E-AC41-37C7B5882B70}.Release|Any CPU.ActiveCfg = Release|Any CPU
		{0EF7C6D4-34A5-4E0E-AC41-37C7B5882B70}.Release|Any CPU.Build.0 = Release|Any CPU
	EndGlobalSection
EndGlobal
